
Microsoft Visual Studio Solution File, Format Version 12.00
# Visual Studio Version 17
VisualStudioVersion = 17.11.35222.181
MinimumVisualStudioVersion = 10.0.40219.1
Project("{FAE04EC0-301F-11D3-BF4B-00C04F79EFBC}") = "Week3IfAndSwitch", "Week3IfAndSwitch\Week3IfAndSwitch.csproj", "{FD6CABA6-C964-434A-8A9B-395D2AC1729F}"
EndProject
Project("{FAE04EC0-301F-11D3-BF4B-00C04F79EFBC}") = "OddOrEven", "OddOrEven\OddOrEven.csproj", "{37A34059-4BE3-4D15-BB32-E944C7782896}"
EndProject
Project("{FAE04EC0-301F-11D3-BF4B-00C04F79EFBC}") = "IfDayOfTheWeek", "IfDayOfTheWeek\IfDayOfTheWeek.csproj", "{134105AA-7342-4596-90EA-DE8722852097}"
EndProject
Project("{FAE04EC0-301F-11D3-BF4B-00C04F79EFBC}") = "SwitchDayOfTheWeek", "SwitchDayOfTheWeek\SwitchDayOfTheWeek.csproj", "{02055A06-7CE4-43C9-83CB-CDD3713850AF}"
EndProject
Global
	GlobalSection(SolutionConfigurationPlatforms) = preSolution
		Debug|Any CPU = Debug|Any CPU
		Release|Any CPU = Release|Any CPU
	EndGlobalSection
	GlobalSection(ProjectConfigurationPlatforms) = postSolution
		{FD6CABA6-C964-434A-8A9B-395D2AC1729F}.Debug|Any CPU.ActiveCfg = Debug|Any CPU
		{FD6CABA6-C964-434A-8A9B-395D2AC1729F}.Debug|Any CPU.Build.0 = Debug|Any CPU
		{FD6CABA6-C964-434A-8A9B-395D2AC1729F}.Release|Any CPU.ActiveCfg = Release|Any CPU
		{FD6CABA6-C964-434A-8A9B-395D2AC1729F}.Release|Any CPU.Build.0 = Release|Any CPU
		{37A34059-4BE3-4D15-BB32-E944C7782896}.Debug|Any CPU.ActiveCfg = Debug|Any CPU
		{37A34059-4BE3-4D15-BB32-E944C7782896}.Debug|Any CPU.Build.0 = Debug|Any CPU
		{37A34059-4BE3-4D15-BB32-E944C7782896}.Release|Any CPU.ActiveCfg = Release|Any CPU
		{37A34059-4BE3-4D15-BB32-E944C7782896}.Release|Any CPU.Build.0 = Release|Any CPU
		{134105AA-7342-4596-90EA-DE8722852097}.Debug|Any CPU.ActiveCfg = Debug|Any CPU
		{134105AA-7342-4596-90EA-DE8722852097}.Debug|Any CPU.Build.0 = Debug|Any CPU
		{134105AA-7342-4596-90EA-DE8722852097}.Release|Any CPU.ActiveCfg = Release|Any CPU
		{134105AA-7342-4596-90EA-DE8722852097}.Release|Any CPU.Build.0 = Release|Any CPU
		{02055A06-7CE4-43C9-83CB-CDD3713850AF}.Debug|Any CPU.ActiveCfg = Debug|Any CPU
		{02055A06-7CE4-43C9-83CB-CDD3713850AF}.Debug|Any CPU.Build.0 = Debug|Any CPU
		{02055A06-7CE4-43C9-83CB-CDD3713850AF}.Release|Any CPU.ActiveCfg = Release|Any CPU
		{02055A06-7CE4-43C9-83CB-CDD3713850AF}.Release|Any CPU.Build.0 = Release|Any CPU
	EndGlobalSection
	GlobalSection(SolutionProperties) = preSolution
		HideSolutionNode = FALSE
	EndGlobalSection
	GlobalSection(ExtensibilityGlobals) = postSolution
		SolutionGuid = {3523AFFA-5F0E-417A-93E4-17A4C0DD3520}
	EndGlobalSection
EndGlobal
